// !$*UTF8*$!
{
	archiveVersion = 1;
	classes = {
	};
	objectVersion = 50;
	objects = {

/* Begin PBXBuildFile section */
		02FCCD5521A7F77000F9A69D /* AppDelegate.swift in Sources */ = {isa = PBXBuildFile; fileRef = 02FCCD5421A7F77000F9A69D /* AppDelegate.swift */; };
		02FCCD5721A7F77000F9A69D /* ViewController.swift in Sources */ = {isa = PBXBuildFile; fileRef = 02FCCD5621A7F77000F9A69D /* ViewController.swift */; };
		02FCCD5A21A7F77000F9A69D /* Main.storyboard in Resources */ = {isa = PBXBuildFile; fileRef = 02FCCD5821A7F77000F9A69D /* Main.storyboard */; };
		02FCCD5C21A7F77400F9A69D /* Assets.xcassets in Resources */ = {isa = PBXBuildFile; fileRef = 02FCCD5B21A7F77400F9A69D /* Assets.xcassets */; };
		02FCCD5F21A7F77400F9A69D /* LaunchScreen.storyboard in Resources */ = {isa = PBXBuildFile; fileRef = 02FCCD5D21A7F77400F9A69D /* LaunchScreen.storyboard */; };
		02FCCD6A21A7F77400F9A69D /* TableViewDemoTests.swift in Sources */ = {isa = PBXBuildFile; fileRef = 02FCCD6921A7F77400F9A69D /* TableViewDemoTests.swift */; };
		02FCCD7521A7F77400F9A69D /* TableViewDemoUITests.swift in Sources */ = {isa = PBXBuildFile; fileRef = 02FCCD7421A7F77400F9A69D /* TableViewDemoUITests.swift */; };
/* End PBXBuildFile section */

/* Begin PBXContainerItemProxy section */
		02FCCD6621A7F77400F9A69D /* PBXContainerItemProxy */ = {
			isa = PBXContainerItemProxy;
			containerPortal = 02FCCD4921A7F77000F9A69D /* Project object */;
			proxyType = 1;
			remoteGlobalIDString = 02FCCD5021A7F77000F9A69D;
			remoteInfo = TableViewDemo;
		};
		02FCCD7121A7F77400F9A69D /* PBXContainerItemProxy */ = {
			isa = PBXContainerItemProxy;
			containerPortal = 02FCCD4921A7F77000F9A69D /* Project object */;
			proxyType = 1;
			remoteGlobalIDString = 02FCCD5021A7F77000F9A69D;
			remoteInfo = TableViewDemo;
		};
/* End PBXContainerItemProxy section */

/* Begin PBXFileReference section */
		02FCCD5121A7F77000F9A69D /* TableViewDemo.app */ = {isa = PBXFileReference; explicitFileType = wrapper.application; includeInIndex = 0; path = TableViewDemo.app; sourceTree = BUILT_PRODUCTS_DIR; };
		02FCCD5421A7F77000F9A69D /* AppDelegate.swift */ = {isa = PBXFileReference; lastKnownFileType = sourcecode.swift; path = AppDelegate.swift; sourceTree = "<group>"; };
		02FCCD5621A7F77000F9A69D /* ViewController.swift */ = {isa = PBXFileReference; lastKnownFileType = sourcecode.swift; path = ViewController.swift; sourceTree = "<group>"; };
		02FCCD5921A7F77000F9A69D /* Base */ = {isa = PBXFileReference; lastKnownFileType = file.storyboard; name = Base; path = Base.lproj/Main.storyboard; sourceTree = "<group>"; };
		02FCCD5B21A7F77400F9A69D /* Assets.xcassets */ = {isa = PBXFileReference; lastKnownFileType = folder.assetcatalog; path = Assets.xcassets; sourceTree = "<group>"; };
		02FCCD5E21A7F77400F9A69D /* Base */ = {isa = PBXFileReference; lastKnownFileType = file.storyboard; name = Base; path = Base.lproj/LaunchScreen.storyboard; sourceTree = "<group>"; };
		02FCCD6021A7F77400F9A69D /* Info.plist */ = {isa = PBXFileReference; lastKnownFileType = text.plist.xml; path = Info.plist; sourceTree = "<group>"; };
		02FCCD6521A7F77400F9A69D /* TableViewDemoTests.xctest */ = {isa = PBXFileReference; explicitFileType = wrapper.cfbundle; includeInIndex = 0; path = TableViewDemoTests.xctest; sourceTree = BUILT_PRODUCTS_DIR; };
		02FCCD6921A7F77400F9A69D /* TableViewDemoTests.swift */ = {isa = PBXFileReference; lastKnownFileType = sourcecode.swift; path = TableViewDemoTests.swift; sourceTree = "<group>"; };
		02FCCD6B21A7F77400F9A69D /* Info.plist */ = {isa = PBXFileReference; lastKnownFileType = text.plist.xml; path = Info.plist; sourceTree = "<group>"; };
		02FCCD7021A7F77400F9A69D /* TableViewDemoUITests.xctest */ = {isa = PBXFileReference; explicitFileType = wrapper.cfbundle; includeInIndex = 0; path = TableViewDemoUITests.xctest; sourceTree = BUILT_PRODUCTS_DIR; };
		02FCCD7421A7F77400F9A69D /* TableViewDemoUITests.swift */ = {isa = PBXFileReference; lastKnownFileType = sourcecode.swift; path = TableViewDemoUITests.swift; sourceTree = "<group>"; };
		02FCCD7621A7F77500F9A69D /* Info.plist */ = {isa = PBXFileReference; lastKnownFileType = text.plist.xml; path = Info.plist; sourceTree = "<group>"; };
/* End PBXFileReference section */

/* Begin PBXFrameworksBuildPhase section */
		02FCCD4E21A7F77000F9A69D /* Frameworks */ = {
			isa = PBXFrameworksBuildPhase;
			buildActionMask = 2147483647;
			files = (
			);
			runOnlyForDeploymentPostprocessing = 0;
		};
		02FCCD6221A7F77400F9A69D /* Frameworks */ = {
			isa = PBXFrameworksBuildPhase;
			buildActionMask = 2147483647;
			files = (
			);
			runOnlyForDeploymentPostprocessing = 0;
		};
		02FCCD6D21A7F77400F9A69D /* Frameworks */ = {
			isa = PBXFrameworksBuildPhase;
			buildActionMask = 2147483647;
			files = (
			);
			runOnlyForDeploymentPostprocessing = 0;
		};
/* End PBXFrameworksBuildPhase section */

/* Begin PBXGroup section */
		02FCCD4821A7F77000F9A69D = {
			isa = PBXGroup;
			children = (
				02FCCD5321A7F77000F9A69D /* TableViewDemo */,
				02FCCD6821A7F77400F9A69D /* TableViewDemoTests */,
				02FCCD7321A7F77400F9A69D /* TableViewDemoUITests */,
				02FCCD5221A7F77000F9A69D /* Products */,
			);
			sourceTree = "<group>";
		};
		02FCCD5221A7F77000F9A69D /* Products */ = {
			isa = PBXGroup;
			children = (
				02FCCD5121A7F77000F9A69D /* TableViewDemo.app */,
				02FCCD6521A7F77400F9A69D /* TableViewDemoTests.xctest */,
				02FCCD7021A7F77400F9A69D /* TableViewDemoUITests.xctest */,
			);
			name = Products;
			sourceTree = "<group>";
		};
		02FCCD5321A7F77000F9A69D /* TableViewDemo */ = {
			isa = PBXGroup;
			children = (
				02FCCD5421A7F77000F9A69D /* AppDelegate.swift */,
				02FCCD5621A7F77000F9A69D /* ViewController.swift */,
				02FCCD5821A7F77000F9A69D /* Main.storyboard */,
				02FCCD5B21A7F77400F9A69D /* Assets.xcassets */,
				02FCCD5D21A7F77400F9A69D /* LaunchScreen.storyboard */,
				02FCCD6021A7F77400F9A69D /* Info.plist */,
			);
			path = TableViewDemo;
			sourceTree = "<group>";
		};
		02FCCD6821A7F77400F9A69D /* TableViewDemoTests */ = {
			isa = PBXGroup;
			children = (
				02FCCD6921A7F77400F9A69D /* TableViewDemoTests.swift */,
				02FCCD6B21A7F77400F9A69D /* Info.plist */,
			);
			path = TableViewDemoTests;
			sourceTree = "<group>";
		};
		02FCCD7321A7F77400F9A69D /* TableViewDemoUITests */ = {
			isa = PBXGroup;
			children = (
				02FCCD7421A7F77400F9A69D /* TableViewDemoUITests.swift */,
				02FCCD7621A7F77500F9A69D /* Info.plist */,
			);
			path = TableViewDemoUITests;
			sourceTree = "<group>";
		};
/* End PBXGroup section */

/* Begin PBXNativeTarget section */
		02FCCD5021A7F77000F9A69D /* TableViewDemo */ = {
			isa = PBXNativeTarget;
			buildConfigurationList = 02FCCD7921A7F77500F9A69D /* Build configuration list for PBXNativeTarget "TableViewDemo" */;
			buildPhases = (
				02FCCD4D21A7F77000F9A69D /* Sources */,
				02FCCD4E21A7F77000F9A69D /* Frameworks */,
				02FCCD4F21A7F77000F9A69D /* Resources */,
			);
			buildRules = (
			);
			dependencies = (
			);
			name = TableViewDemo;
			productName = TableViewDemo;
			productReference = 02FCCD5121A7F77000F9A69D /* TableViewDemo.app */;
			productType = "com.apple.product-type.application";
		};
		02FCCD6421A7F77400F9A69D /* TableViewDemoTests */ = {
			isa = PBXNativeTarget;
			buildConfigurationList = 02FCCD7C21A7F77500F9A69D /* Build configuration list for PBXNativeTarget "TableViewDemoTests" */;
			buildPhases = (
				02FCCD6121A7F77400F9A69D /* Sources */,
				02FCCD6221A7F77400F9A69D /* Frameworks */,
				02FCCD6321A7F77400F9A69D /* Resources */,
			);
			buildRules = (
			);
			dependencies = (
				02FCCD6721A7F77400F9A69D /* PBXTargetDependency */,
			);
			name = TableViewDemoTests;
			productName = TableViewDemoTests;
			productReference = 02FCCD6521A7F77400F9A69D /* TableViewDemoTests.xctest */;
			productType = "com.apple.product-type.bundle.unit-test";
		};
		02FCCD6F21A7F77400F9A69D /* TableViewDemoUITests */ = {
			isa = PBXNativeTarget;
			buildConfigurationList = 02FCCD7F21A7F77500F9A69D /* Build configuration list for PBXNativeTarget "TableViewDemoUITests" */;
			buildPhases = (
				02FCCD6C21A7F77400F9A69D /* Sources */,
				02FCCD6D21A7F77400F9A69D /* Frameworks */,
				02FCCD6E21A7F77400F9A69D /* Resources */,
			);
			buildRules = (
			);
			dependencies = (
				02FCCD7221A7F77400F9A69D /* PBXTargetDependency */,
			);
			name = TableViewDemoUITests;
			productName = TableViewDemoUITests;
			productReference = 02FCCD7021A7F77400F9A69D /* TableViewDemoUITests.xctest */;
			productType = "com.apple.product-type.bundle.ui-testing";
		};
/* End PBXNativeTarget section */

/* Begin PBXProject section */
		02FCCD4921A7F77000F9A69D /* Project object */ = {
			isa = PBXProject;
			attributes = {
				LastSwiftUpdateCheck = 1010;
				LastUpgradeCheck = 1010;
				ORGANIZATIONNAME = Jerome;
				TargetAttributes = {
					02FCCD5021A7F77000F9A69D = {
						CreatedOnToolsVersion = 10.1;
					};
					02FCCD6421A7F77400F9A69D = {
						CreatedOnToolsVersion = 10.1;
						TestTargetID = 02FCCD5021A7F77000F9A69D;
					};
					02FCCD6F21A7F77400F9A69D = {
						CreatedOnToolsVersion = 10.1;
						TestTargetID = 02FCCD5021A7F77000F9A69D;
					};
				};
			};
			buildConfigurationList = 02FCCD4C21A7F77000F9A69D /* Build configuration list for PBXProject "TableViewDemo" */;
			compatibilityVersion = "Xcode 9.3";
			developmentRegion = en;
			hasScannedForEncodings = 0;
			knownRegions = (
				en,
				Base,
			);
			mainGroup = 02FCCD4821A7F77000F9A69D;
			productRefGroup = 02FCCD5221A7F77000F9A69D /* Products */;
			projectDirPath = "";
			projectRoot = "";
			targets = (
				02FCCD5021A7F77000F9A69D /* TableViewDemo */,
				02FCCD6421A7F77400F9A69D /* TableViewDemoTests */,
				02FCCD6F21A7F77400F9A69D /* TableViewDemoUITests */,
			);
		};
/* End PBXProject section */

/* Begin PBXResourcesBuildPhase section */
		02FCCD4F21A7F77000F9A69D /* Resources */ = {
			isa = PBXResourcesBuildPhase;
			buildActionMask = 2147483647;
			files = (
				02FCCD5F21A7F77400F9A69D /* LaunchScreen.storyboard in Resources */,
				02FCCD5C21A7F77400F9A69D /* Assets.xcassets in Resources */,
				02FCCD5A21A7F77000F9A69D /* Main.storyboard in Resources */,
			);
			runOnlyForDeploymentPostprocessing = 0;
		};
		02FCCD6321A7F77400F9A69D /* Resources */ = {
			isa = PBXResourcesBuildPhase;
			buildActionMask = 2147483647;
			files = (
			);
			runOnlyForDeploymentPostprocessing = 0;
		};
		02FCCD6E21A7F77400F9A69D /* Resources */ = {
			isa = PBXResourcesBuildPhase;
			buildActionMask = 2147483647;
			files = (
			);
			runOnlyForDeploymentPostprocessing = 0;
		};
/* End PBXResourcesBuildPhase section */

/* Begin PBXSourcesBuildPhase section */
		02FCCD4D21A7F77000F9A69D /* Sources */ = {
			isa = PBXSourcesBuildPhase;
			buildActionMask = 2147483647;
			files = (
				02FCCD5721A7F77000F9A69D /* ViewController.swift in Sources */,
				02FCCD5521A7F77000F9A69D /* AppDelegate.swift in Sources */,
			);
			runOnlyForDeploymentPostprocessing = 0;
		};
		02FCCD6121A7F77400F9A69D /* Sources */ = {
			isa = PBXSourcesBuildPhase;
			buildActionMask = 2147483647;
			files = (
				02FCCD6A21A7F77400F9A69D /* TableViewDemoTests.swift in Sources */,
			);
			runOnlyForDeploymentPostprocessing = 0;
		};
		02FCCD6C21A7F77400F9A69D /* Sources */ = {
			isa = PBXSourcesBuildPhase;
			buildActionMask = 2147483647;
			files = (
				02FCCD7521A7F77400F9A69D /* TableViewDemoUITests.swift in Sources */,
			);
			runOnlyForDeploymentPostprocessing = 0;
		};
/* End PBXSourcesBuildPhase section */

/* Begin PBXTargetDependency section */
		02FCCD6721A7F77400F9A69D /* PBXTargetDependency */ = {
			isa = PBXTargetDependency;
			target = 02FCCD5021A7F77000F9A69D /* TableViewDemo */;
			targetProxy = 02FCCD6621A7F77400F9A69D /* PBXContainerItemProxy */;
		};
		02FCCD7221A7F77400F9A69D /* PBXTargetDependency */ = {
			isa = PBXTargetDependency;
			target = 02FCCD5021A7F77000F9A69D /* TableViewDemo */;
			targetProxy = 02FCCD7121A7F77400F9A69D /* PBXContainerItemProxy */;
		};
/* End PBXTargetDependency section */

/* Begin PBXVariantGroup section */
		02FCCD5821A7F77000F9A69D /* Main.storyboard */ = {
			isa = PBXVariantGroup;
			children = (
				02FCCD5921A7F77000F9A69D /* Base */,
			);
			name = Main.storyboard;
			sourceTree = "<group>";
		};
		02FCCD5D21A7F77400F9A69D /* LaunchScreen.storyboard */ = {
			isa = PBXVariantGroup;
			children = (
				02FCCD5E21A7F77400F9A69D /* Base */,
			);
			name = LaunchScreen.storyboard;
			sourceTree = "<group>";
		};
/* End PBXVariantGroup section */

/* Begin XCBuildConfiguration section */
		02FCCD7721A7F77500F9A69D /* Debug */ = {
			isa = XCBuildConfiguration;
			buildSettings = {
				ALWAYS_SEARCH_USER_PATHS = NO;
				CLANG_ANALYZER_NONNULL = YES;
				CLANG_ANALYZER_NUMBER_OBJECT_CONVERSION = YES_AGGRESSIVE;
				CLANG_CXX_LANGUAGE_STANDARD = "gnu++14";
				CLANG_CXX_LIBRARY = "libc++";
				CLANG_ENABLE_MODULES = YES;
				CLANG_ENABLE_OBJC_ARC = YES;
				CLANG_ENABLE_OBJC_WEAK = YES;
				CLANG_WARN_BLOCK_CAPTURE_AUTORELEASING = YES;
				CLANG_WARN_BOOL_CONVERSION = YES;
				CLANG_WARN_COMMA = YES;
				CLANG_WARN_CONSTANT_CONVERSION = YES;
				CLANG_WARN_DEPRECATED_OBJC_IMPLEMENTATIONS = YES;
				CLANG_WARN_DIRECT_OBJC_ISA_USAGE = YES_ERROR;
				CLANG_WARN_DOCUMENTATION_COMMENTS = YES;
				CLANG_WARN_EMPTY_BODY = YES;
				CLANG_WARN_ENUM_CONVERSION = YES;
				CLANG_WARN_INFINITE_RECURSION = YES;
				CLANG_WARN_INT_CONVERSION = YES;
				CLANG_WARN_NON_LITERAL_NULL_CONVERSION = YES;
				CLANG_WARN_OBJC_IMPLICIT_RETAIN_SELF = YES;
				CLANG_WARN_OBJC_LITERAL_CONVERSION = YES;
				CLANG_WARN_OBJC_ROOT_CLASS = YES_ERROR;
				CLANG_WARN_RANGE_LOOP_ANALYSIS = YES;
				CLANG_WARN_STRICT_PROTOTYPES = YES;
				CLANG_WARN_SUSPICIOUS_MOVE = YES;
				CLANG_WARN_UNGUARDED_AVAILABILITY = YES_AGGRESSIVE;
				CLANG_WARN_UNREACHABLE_CODE = YES;
				CLANG_WARN__DUPLICATE_METHOD_MATCH = YES;
				CODE_SIGN_IDENTITY = "iPhone Developer";
				COPY_PHASE_STRIP = NO;
				DEBUG_INFORMATION_FORMAT = dwarf;
				ENABLE_STRICT_OBJC_MSGSEND = YES;
				ENABLE_TESTABILITY = YES;
				GCC_C_LANGUAGE_STANDARD = gnu11;
				GCC_DYNAMIC_NO_PIC = NO;
				GCC_NO_COMMON_BLOCKS = YES;
				GCC_OPTIMIZATION_LEVEL = 0;
				GCC_PREPROCESSOR_DEFINITIONS = (
					"DEBUG=1",
					"$(inherited)",
				);
				GCC_WARN_64_TO_32_BIT_CONVERSION = YES;
				GCC_WARN_ABOUT_RETURN_TYPE = YES_ERROR;
				GCC_WARN_UNDECLARED_SELECTOR = YES;
				GCC_WARN_UNINITIALIZED_AUTOS = YES_AGGRESSIVE;
				GCC_WARN_UNUSED_FUNCTION = YES;
				GCC_WARN_UNUSED_VARIABLE = YES;
				IPHONEOS_DEPLOYMENT_TARGET = 12.1;
				MTL_ENABLE_DEBUG_INFO = INCLUDE_SOURCE;
				MTL_FAST_MATH = YES;
				ONLY_ACTIVE_ARCH = YES;
				SDKROOT = iphoneos;
				SWIFT_ACTIVE_COMPILATION_CONDITIONS = DEBUG;
				SWIFT_OPTIMIZATION_LEVEL = "-Onone";
			};
			name = Debug;
		};
		02FCCD7821A7F77500F9A69D /* Release */ = {
			isa = XCBuildConfiguration;
			buildSettings = {
				ALWAYS_SEARCH_USER_PATHS = NO;
				CLANG_ANALYZER_NONNULL = YES;
				CLANG_ANALYZER_NUMBER_OBJECT_CONVERSION = YES_AGGRESSIVE;
				CLANG_CXX_LANGUAGE_STANDARD = "gnu++14";
				CLANG_CXX_LIBRARY = "libc++";
				CLANG_ENABLE_MODULES = YES;
				CLANG_ENABLE_OBJC_ARC = YES;
				CLANG_ENABLE_OBJC_WEAK = YES;
				CLANG_WARN_BLOCK_CAPTURE_AUTORELEASING = YES;
				CLANG_WARN_BOOL_CONVERSION = YES;
				CLANG_WARN_COMMA = YES;
				CLANG_WARN_CONSTANT_CONVERSION = YES;
				CLANG_WARN_DEPRECATED_OBJC_IMPLEMENTATIONS = YES;
				CLANG_WARN_DIRECT_OBJC_ISA_USAGE = YES_ERROR;
				CLANG_WARN_DOCUMENTATION_COMMENTS = YES;
				CLANG_WARN_EMPTY_BODY = YES;
				CLANG_WARN_ENUM_CONVERSION = YES;
				CLANG_WARN_INFINITE_RECURSION = YES;
				CLANG_WARN_INT_CONVERSION = YES;
				CLANG_WARN_NON_LITERAL_NULL_CONVERSION = YES;
				CLANG_WARN_OBJC_IMPLICIT_RETAIN_SELF = YES;
				CLANG_WARN_OBJC_LITERAL_CONVERSION = YES;
				CLANG_WARN_OBJC_ROOT_CLASS = YES_ERROR;
				CLANG_WARN_RANGE_LOOP_ANALYSIS = YES;
				CLANG_WARN_STRICT_PROTOTYPES = YES;
				CLANG_WARN_SUSPICIOUS_MOVE = YES;
				CLANG_WARN_UNGUARDED_AVAILABILITY = YES_AGGRESSIVE;
				CLANG_WARN_UNREACHABLE_CODE = YES;
				CLANG_WARN__DUPLICATE_METHOD_MATCH = YES;
				CODE_SIGN_IDENTITY = "iPhone Developer";
				COPY_PHASE_STRIP = NO;
				DEBUG_INFORMATION_FORMAT = "dwarf-with-dsym";
				ENABLE_NS_ASSERTIONS = NO;
				ENABLE_STRICT_OBJC_MSGSEND = YES;
				GCC_C_LANGUAGE_STANDARD = gnu11;
				GCC_NO_COMMON_BLOCKS = YES;
				GCC_WARN_64_TO_32_BIT_CONVERSION = YES;
				GCC_WARN_ABOUT_RETURN_TYPE = YES_ERROR;
				GCC_WARN_UNDECLARED_SELECTOR = YES;
				GCC_WARN_UNINITIALIZED_AUTOS = YES_AGGRESSIVE;
				GCC_WARN_UNUSED_FUNCTION = YES;
				GCC_WARN_UNUSED_VARIABLE = YES;
				IPHONEOS_DEPLOYMENT_TARGET = 12.1;
				MTL_ENABLE_DEBUG_INFO = NO;
				MTL_FAST_MATH = YES;
				SDKROOT = iphoneos;
				SWIFT_COMPILATION_MODE = wholemodule;
				SWIFT_OPTIMIZATION_LEVEL = "-O";
				VALIDATE_PRODUCT = YES;
			};
			name = Release;
		};
		02FCCD7A21A7F77500F9A69D /* Debug */ = {
			isa = XCBuildConfiguration;
			buildSettings = {
				ASSETCATALOG_COMPILER_APPICON_NAME = AppIcon;
				CODE_SIGN_STYLE = Automatic;
				INFOPLIST_FILE = TableViewDemo/Info.plist;
				LD_RUNPATH_SEARCH_PATHS = (
					"$(inherited)",
					"@executable_path/Frameworks",
				);
				PRODUCT_BUNDLE_IDENTIFIER = "-.TableViewDemo";
				PRODUCT_NAME = "$(TARGET_NAME)";
				SWIFT_VERSION = 4.2;
				TARGETED_DEVICE_FAMILY = "1,2";
			};
			name = Debug;
		};
		02FCCD7B21A7F77500F9A69D /* Release */ = {
			isa = XCBuildConfiguration;
			buildSettings = {
				ASSETCATALOG_COMPILER_APPICON_NAME = AppIcon;
				CODE_SIGN_STYLE = Automatic;
				INFOPLIST_FILE = TableViewDemo/Info.plist;
				LD_RUNPATH_SEARCH_PATHS = (
					"$(inherited)",
					"@executable_path/Frameworks",
				);
				PRODUCT_BUNDLE_IDENTIFIER = "-.TableViewDemo";
				PRODUCT_NAME = "$(TARGET_NAME)";
				SWIFT_VERSION = 4.2;
				TARGETED_DEVICE_FAMILY = "1,2";
			};
			name = Release;
		};
		02FCCD7D21A7F77500F9A69D /* Debug */ = {
			isa = XCBuildConfiguration;
			buildSettings = {
				ALWAYS_EMBED_SWIFT_STANDARD_LIBRARIES = YES;
				BUNDLE_LOADER = "$(TEST_HOST)";
				CODE_SIGN_STYLE = Automatic;
				INFOPLIST_FILE = TableViewDemoTests/Info.plist;
				LD_RUNPATH_SEARCH_PATHS = (
					"$(inherited)",
					"@executable_path/Frameworks",
					"@loader_path/Frameworks",
				);
				PRODUCT_BUNDLE_IDENTIFIER = "-.TableViewDemoTests";
				PRODUCT_NAME = "$(TARGET_NAME)";
				SWIFT_VERSION = 4.2;
				TARGETED_DEVICE_FAMILY = "1,2";
				TEST_HOST = "$(BUILT_PRODUCTS_DIR)/TableViewDemo.app/TableViewDemo";
			};
			name = Debug;
		};
		02FCCD7E21A7F77500F9A69D /* Release */ = {
			isa = XCBuildConfiguration;
			buildSettings = {
				ALWAYS_EMBED_SWIFT_STANDARD_LIBRARIES = YES;
				BUNDLE_LOADER = "$(TEST_HOST)";
				CODE_SIGN_STYLE = Automatic;
				INFOPLIST_FILE = TableViewDemoTests/Info.plist;
				LD_RUNPATH_SEARCH_PATHS = (
					"$(inherited)",
					"@executable_path/Frameworks",
					"@loader_path/Frameworks",
				);
				PRODUCT_BUNDLE_IDENTIFIER = "-.TableViewDemoTests";
				PRODUCT_NAME = "$(TARGET_NAME)";
				SWIFT_VERSION = 4.2;
				TARGETED_DEVICE_FAMILY = "1,2";
				TEST_HOST = "$(BUILT_PRODUCTS_DIR)/TableViewDemo.app/TableViewDemo";
			};
			name = Release;
		};
		02FCCD8021A7F77500F9A69D /* Debug */ = {
			isa = XCBuildConfiguration;
			buildSettings = {
				ALWAYS_EMBED_SWIFT_STANDARD_LIBRARIES = YES;
				CODE_SIGN_STYLE = Automatic;
				INFOPLIST_FILE = TableViewDemoUITests/Info.plist;
				LD_RUNPATH_SEARCH_PATHS = (
					"$(inherited)",
					"@executable_path/Frameworks",
					"@loader_path/Frameworks",
				);
				PRODUCT_BUNDLE_IDENTIFIER = "-.TableViewDemoUITests";
				PRODUCT_NAME = "$(TARGET_NAME)";
				SWIFT_VERSION = 4.2;
				TARGETED_DEVICE_FAMILY = "1,2";
				TEST_TARGET_NAME = TableViewDemo;
			};
			name = Debug;
		};
		02FCCD8121A7F77500F9A69D /* Release */ = {
			isa = XCBuildConfiguration;
			buildSettings = {
				ALWAYS_EMBED_SWIFT_STANDARD_LIBRARIES = YES;
				CODE_SIGN_STYLE = Automatic;
				INFOPLIST_FILE = TableViewDemoUITests/Info.plist;
				LD_RUNPATH_SEARCH_PATHS = (
					"$(inherited)",
					"@executable_path/Frameworks",
					"@loader_path/Frameworks",
				);
				PRODUCT_BUNDLE_IDENTIFIER = "-.TableViewDemoUITests";
				PRODUCT_NAME = "$(TARGET_NAME)";
				SWIFT_VERSION = 4.2;
				TARGETED_DEVICE_FAMILY = "1,2";
				TEST_TARGET_NAME = TableViewDemo;
			};
			name = Release;
		};
/* End XCBuildConfiguration section */

/* Begin XCConfigurationList section */
		02FCCD4C21A7F77000F9A69D /* Build configuration list for PBXProject "TableViewDemo" */ = {
			isa = XCConfigurationList;
			buildConfigurations = (
				02FCCD7721A7F77500F9A69D /* Debug */,
				02FCCD7821A7F77500F9A69D /* Release */,
			);
			defaultConfigurationIsVisible = 0;
			defaultConfigurationName = Release;
		};
		02FCCD7921A7F77500F9A69D /* Build configuration list for PBXNativeTarget "TableViewDemo" */ = {
			isa = XCConfigurationList;
			buildConfigurations = (
				02FCCD7A21A7F77500F9A69D /* Debug */,
				02FCCD7B21A7F77500F9A69D /* Release */,
			);
			defaultConfigurationIsVisible = 0;
			defaultConfigurationName = Release;
		};
		02FCCD7C21A7F77500F9A69D /* Build configuration list for PBXNativeTarget "TableViewDemoTests" */ = {
			isa = XCConfigurationList;
			buildConfigurations = (
				02FCCD7D21A7F77500F9A69D /* Debug */,
				02FCCD7E21A7F77500F9A69D /* Release */,
			);
			defaultConfigurationIsVisible = 0;
			defaultConfigurationName = Release;
		};
		02FCCD7F21A7F77500F9A69D /* Build configuration list for PBXNativeTarget "TableViewDemoUITests" */ = {
			isa = XCConfigurationList;
			buildConfigurations = (
				02FCCD8021A7F77500F9A69D /* Debug */,
				02FCCD8121A7F77500F9A69D /* Release */,
			);
			defaultConfigurationIsVisible = 0;
			defaultConfigurationName = Release;
		};
/* End XCConfigurationList section */
	};
	rootObject = 02FCCD4921A7F77000F9A69D /* Project object */;
}
